
Microsoft Visual Studio Solution File, Format Version 12.00
# Visual Studio Version 16
VisualStudioVersion = 16.0.29709.97
MinimumVisualStudioVersion = 10.0.40219.1
Project("{FAE04EC0-301F-11D3-BF4B-00C04F79EFBC}") = "WebAPI", "WebAPI.csproj", "{77A2CBC5-E9A9-43A8-889E-A28CA8A21D17}"
EndProject
Global
	GlobalSection(SolutionConfigurationPlatforms) = preSolution
		Debug|Any CPU = Debug|Any CPU
		Release|Any CPU = Release|Any CPU
	EndGlobalSection
	GlobalSection(ProjectConfigurationPlatforms) = postSolution
		{77A2CBC5-E9A9-43A8-889E-A28CA8A21D17}.Debug|Any CPU.ActiveCfg = Debug|Any CPU
		{77A2CBC5-E9A9-43A8-889E-A28CA8A21D17}.Debug|Any CPU.Build.0 = Debug|Any CPU
		{77A2CBC5-E9A9-43A8-889E-A28CA8A21D17}.Release|Any CPU.ActiveCfg = Release|Any CPU
		{77A2CBC5-E9A9-43A8-889E-A28CA8A21D17}.Release|Any CPU.Build.0 = Release|Any CPU
	EndGlobalSection
	GlobalSection(SolutionProperties) = preSolution
		HideSolutionNode = FALSE
	EndGlobalSection
	GlobalSection(ExtensibilityGlobals) = postSolution
		SolutionGuid = {189F6230-5C90-46F1-9418-47F6826B9D80}
	EndGlobalSection
EndGlobal
